
Microsoft Visual Studio Solution File, Format Version 12.00
# Visual Studio 15
VisualStudioVersion = 15.0.27703.2035
MinimumVisualStudioVersion = 10.0.40219.1
Project("{9A19103F-16F7-4668-BE54-9A1E7A4F7556}") = "TravelLine.Kitchen.WebApi", "TravelLine.Kitchen.WebApi\TravelLine.Kitchen.WebApi.csproj", "{0D5229D5-1DDF-4D8F-BD80-4C521E55D37D}"
EndProject
Global
	GlobalSection(SolutionConfigurationPlatforms) = preSolution
		Debug|Any CPU = Debug|Any CPU
		Release|Any CPU = Release|Any CPU
	EndGlobalSection
	GlobalSection(ProjectConfigurationPlatforms) = postSolution
		{0D5229D5-1DDF-4D8F-BD80-4C521E55D37D}.Debug|Any CPU.ActiveCfg = Debug|Any CPU
		{0D5229D5-1DDF-4D8F-BD80-4C521E55D37D}.Debug|Any CPU.Build.0 = Debug|Any CPU
		{0D5229D5-1DDF-4D8F-BD80-4C521E55D37D}.Release|Any CPU.ActiveCfg = Release|Any CPU
		{0D5229D5-1DDF-4D8F-BD80-4C521E55D37D}.Release|Any CPU.Build.0 = Release|Any CPU
	EndGlobalSection
	GlobalSection(SolutionProperties) = preSolution
		HideSolutionNode = FALSE
	EndGlobalSection
	GlobalSection(ExtensibilityGlobals) = postSolution
		SolutionGuid = {851CEAD0-ACB1-4CE9-B668-3D9E6A566FB0}
	EndGlobalSection
EndGlobal
